Microsoft Visual Studio Solution File, Format Version 12.00
# Visual Studio 2012
Project("{FAE04EC0-301F-11D3-BF4B-00C04F79EFBC}") = "Death Chain", "Death Chain.csproj", "{CC84C60A-9AD3-4BB8-8550-C1079F3DF675}"
EndProject
Global
	GlobalSection(SolutionConfigurationPlatforms) = preSolution
	Debug|Any CPU = Debug|Any CPU
	ExportDebug|Any CPU = ExportDebug|Any CPU
	ExportRelease|Any CPU = ExportRelease|Any CPU
	EndGlobalSection
	GlobalSection(ProjectConfigurationPlatforms) = postSolution
		{CC84C60A-9AD3-4BB8-8550-C1079F3DF675}.Debug|Any CPU.ActiveCfg = Debug|Any CPU
		{CC84C60A-9AD3-4BB8-8550-C1079F3DF675}.Debug|Any CPU.Build.0 = Debug|Any CPU
		{CC84C60A-9AD3-4BB8-8550-C1079F3DF675}.ExportDebug|Any CPU.ActiveCfg = ExportDebug|Any CPU
		{CC84C60A-9AD3-4BB8-8550-C1079F3DF675}.ExportDebug|Any CPU.Build.0 = ExportDebug|Any CPU
		{CC84C60A-9AD3-4BB8-8550-C1079F3DF675}.ExportRelease|Any CPU.ActiveCfg = ExportRelease|Any CPU
		{CC84C60A-9AD3-4BB8-8550-C1079F3DF675}.ExportRelease|Any CPU.Build.0 = ExportRelease|Any CPU
	EndGlobalSection
EndGlobal
